
Microsoft Visual Studio Solution File, Format Version 12.00
# Visual Studio Version 17
VisualStudioVersion = 17.9.34728.123
MinimumVisualStudioVersion = 10.0.40219.1
Project("{FAE04EC0-301F-11D3-BF4B-00C04F79EFBC}") = "Task1", "Task1\Task1.csproj", "{8A8E257B-1084-47FB-891D-49A9C95243EB}"
EndProject
Project("{FAE04EC0-301F-11D3-BF4B-00C04F79EFBC}") = "Task2", "Task2\Task2.csproj", "{52B1C93D-7300-48CE-801F-90672C5BB584}"
EndProject
Project("{FAE04EC0-301F-11D3-BF4B-00C04F79EFBC}") = "Task3", "Task3\Task3.csproj", "{39FD9BF6-2C87-48FD-A316-1392C180E8DD}"
EndProject
Global
	GlobalSection(SolutionConfigurationPlatforms) = preSolution
		Debug|Any CPU = Debug|Any CPU
		Release|Any CPU = Release|Any CPU
	EndGlobalSection
	GlobalSection(ProjectConfigurationPlatforms) = postSolution
		{8A8E257B-1084-47FB-891D-49A9C95243EB}.Debug|Any CPU.ActiveCfg = Debug|Any CPU
		{8A8E257B-1084-47FB-891D-49A9C95243EB}.Debug|Any CPU.Build.0 = Debug|Any CPU
		{8A8E257B-1084-47FB-891D-49A9C95243EB}.Release|Any CPU.ActiveCfg = Release|Any CPU
		{8A8E257B-1084-47FB-891D-49A9C95243EB}.Release|Any CPU.Build.0 = Release|Any CPU
		{52B1C93D-7300-48CE-801F-90672C5BB584}.Debug|Any CPU.ActiveCfg = Debug|Any CPU
		{52B1C93D-7300-48CE-801F-90672C5BB584}.Debug|Any CPU.Build.0 = Debug|Any CPU
		{52B1C93D-7300-48CE-801F-90672C5BB584}.Release|Any CPU.ActiveCfg = Release|Any CPU
		{52B1C93D-7300-48CE-801F-90672C5BB584}.Release|Any CPU.Build.0 = Release|Any CPU
		{39FD9BF6-2C87-48FD-A316-1392C180E8DD}.Debug|Any CPU.ActiveCfg = Debug|Any CPU
		{39FD9BF6-2C87-48FD-A316-1392C180E8DD}.Debug|Any CPU.Build.0 = Debug|Any CPU
		{39FD9BF6-2C87-48FD-A316-1392C180E8DD}.Release|Any CPU.ActiveCfg = Release|Any CPU
		{39FD9BF6-2C87-48FD-A316-1392C180E8DD}.Release|Any CPU.Build.0 = Release|Any CPU
	EndGlobalSection
	GlobalSection(SolutionProperties) = preSolution
		HideSolutionNode = FALSE
	EndGlobalSection
	GlobalSection(ExtensibilityGlobals) = postSolution
		SolutionGuid = {AD0B178B-6B06-48ED-989E-FCB3E38E9F1E}
	EndGlobalSection
EndGlobal
