
Microsoft Visual Studio Solution File, Format Version 12.00
# Visual Studio Version 17
VisualStudioVersion = 17.9.34902.65
MinimumVisualStudioVersion = 10.0.40219.1
Project("{9A19103F-16F7-4668-BE54-9A1E7A4F7556}") = "Task1", "Task1\Task1.csproj", "{043C6BD3-58A4-4B04-BC02-1064EB451172}"
EndProject
Project("{FAE04EC0-301F-11D3-BF4B-00C04F79EFBC}") = "Task2", "Task2\Task2.csproj", "{8AEDE386-E6EE-40AA-8A83-AC51153D8F39}"
EndProject
Project("{FAE04EC0-301F-11D3-BF4B-00C04F79EFBC}") = "Task3", "Task3\Task3.csproj", "{9D4F7AC2-7903-47E2-A571-8F2B7FBF4B68}"
EndProject
Global
	GlobalSection(SolutionConfigurationPlatforms) = preSolution
		Debug|Any CPU = Debug|Any CPU
		Release|Any CPU = Release|Any CPU
	EndGlobalSection
	GlobalSection(ProjectConfigurationPlatforms) = postSolution
		{043C6BD3-58A4-4B04-BC02-1064EB451172}.Debug|Any CPU.ActiveCfg = Debug|Any CPU
		{043C6BD3-58A4-4B04-BC02-1064EB451172}.Debug|Any CPU.Build.0 = Debug|Any CPU
		{043C6BD3-58A4-4B04-BC02-1064EB451172}.Release|Any CPU.ActiveCfg = Release|Any CPU
		{043C6BD3-58A4-4B04-BC02-1064EB451172}.Release|Any CPU.Build.0 = Release|Any CPU
		{8AEDE386-E6EE-40AA-8A83-AC51153D8F39}.Debug|Any CPU.ActiveCfg = Debug|Any CPU
		{8AEDE386-E6EE-40AA-8A83-AC51153D8F39}.Debug|Any CPU.Build.0 = Debug|Any CPU
		{8AEDE386-E6EE-40AA-8A83-AC51153D8F39}.Release|Any CPU.ActiveCfg = Release|Any CPU
		{8AEDE386-E6EE-40AA-8A83-AC51153D8F39}.Release|Any CPU.Build.0 = Release|Any CPU
		{9D4F7AC2-7903-47E2-A571-8F2B7FBF4B68}.Debug|Any CPU.ActiveCfg = Debug|Any CPU
		{9D4F7AC2-7903-47E2-A571-8F2B7FBF4B68}.Debug|Any CPU.Build.0 = Debug|Any CPU
		{9D4F7AC2-7903-47E2-A571-8F2B7FBF4B68}.Release|Any CPU.ActiveCfg = Release|Any CPU
		{9D4F7AC2-7903-47E2-A571-8F2B7FBF4B68}.Release|Any CPU.Build.0 = Release|Any CPU
	EndGlobalSection
	GlobalSection(SolutionProperties) = preSolution
		HideSolutionNode = FALSE
	EndGlobalSection
	GlobalSection(ExtensibilityGlobals) = postSolution
		SolutionGuid = {6EF5A943-05A6-4B05-AE17-02821AF0D2F1}
	EndGlobalSection
EndGlobal
