
Microsoft Visual Studio Solution File, Format Version 12.00
# Visual Studio Version 17
VisualStudioVersion = 17.9.34728.123
MinimumVisualStudioVersion = 10.0.40219.1
Project("{9A19103F-16F7-4668-BE54-9A1E7A4F7556}") = "Task1", "Task1\Task1.csproj", "{6146F672-7627-405B-8378-FB4DE920464F}"
EndProject
Project("{FAE04EC0-301F-11D3-BF4B-00C04F79EFBC}") = "FiguresLibrary", "FiguresLibrary\FiguresLibrary.csproj", "{629537D9-A9E2-4172-A502-423F30B52FDA}"
EndProject
Project("{FAE04EC0-301F-11D3-BF4B-00C04F79EFBC}") = "Task2", "Task2\Task2.csproj", "{FFE9CFCC-4004-4549-B4F1-8133A7858FF0}"
EndProject
Project("{FAE04EC0-301F-11D3-BF4B-00C04F79EFBC}") = "ScheduleLibrary", "ScheduleLibrary\ScheduleLibrary.csproj", "{9BF28873-F6EC-4433-89A7-464729BDB888}"
EndProject
Global
	GlobalSection(SolutionConfigurationPlatforms) = preSolution
		Debug|Any CPU = Debug|Any CPU
		Release|Any CPU = Release|Any CPU
	EndGlobalSection
	GlobalSection(ProjectConfigurationPlatforms) = postSolution
		{6146F672-7627-405B-8378-FB4DE920464F}.Debug|Any CPU.ActiveCfg = Debug|Any CPU
		{6146F672-7627-405B-8378-FB4DE920464F}.Debug|Any CPU.Build.0 = Debug|Any CPU
		{6146F672-7627-405B-8378-FB4DE920464F}.Release|Any CPU.ActiveCfg = Release|Any CPU
		{6146F672-7627-405B-8378-FB4DE920464F}.Release|Any CPU.Build.0 = Release|Any CPU
		{629537D9-A9E2-4172-A502-423F30B52FDA}.Debug|Any CPU.ActiveCfg = Debug|Any CPU
		{629537D9-A9E2-4172-A502-423F30B52FDA}.Debug|Any CPU.Build.0 = Debug|Any CPU
		{629537D9-A9E2-4172-A502-423F30B52FDA}.Release|Any CPU.ActiveCfg = Release|Any CPU
		{629537D9-A9E2-4172-A502-423F30B52FDA}.Release|Any CPU.Build.0 = Release|Any CPU
		{FFE9CFCC-4004-4549-B4F1-8133A7858FF0}.Debug|Any CPU.ActiveCfg = Debug|Any CPU
		{FFE9CFCC-4004-4549-B4F1-8133A7858FF0}.Debug|Any CPU.Build.0 = Debug|Any CPU
		{FFE9CFCC-4004-4549-B4F1-8133A7858FF0}.Release|Any CPU.ActiveCfg = Release|Any CPU
		{FFE9CFCC-4004-4549-B4F1-8133A7858FF0}.Release|Any CPU.Build.0 = Release|Any CPU
		{9BF28873-F6EC-4433-89A7-464729BDB888}.Debug|Any CPU.ActiveCfg = Debug|Any CPU
		{9BF28873-F6EC-4433-89A7-464729BDB888}.Debug|Any CPU.Build.0 = Debug|Any CPU
		{9BF28873-F6EC-4433-89A7-464729BDB888}.Release|Any CPU.ActiveCfg = Release|Any CPU
		{9BF28873-F6EC-4433-89A7-464729BDB888}.Release|Any CPU.Build.0 = Release|Any CPU
	EndGlobalSection
	GlobalSection(SolutionProperties) = preSolution
		HideSolutionNode = FALSE
	EndGlobalSection
	GlobalSection(ExtensibilityGlobals) = postSolution
		SolutionGuid = {038974AA-1B2A-4B33-A3A0-BAA4AB3C3ED1}
	EndGlobalSection
EndGlobal
