
Microsoft Visual Studio Solution File, Format Version 12.00
# Visual Studio Version 17
VisualStudioVersion = 17.9.34728.123
MinimumVisualStudioVersion = 10.0.40219.1
Project("{FAE04EC0-301F-11D3-BF4B-00C04F79EFBC}") = "Task1", "Task1\Task1.csproj", "{D1578261-313E-4B2D-AB6D-9E617972C6BF}"
EndProject
Project("{FAE04EC0-301F-11D3-BF4B-00C04F79EFBC}") = "Task2", "Task2\Task2.csproj", "{4D825184-2B11-4BD9-AB81-A074CB2CFCEC}"
EndProject
Project("{FAE04EC0-301F-11D3-BF4B-00C04F79EFBC}") = "Task3", "Task3\Task3.csproj", "{71E7F075-5F1E-4796-A08B-636225ADB00E}"
EndProject
Project("{FAE04EC0-301F-11D3-BF4B-00C04F79EFBC}") = "Task4", "Task4\Task4.csproj", "{2C4A7919-73E3-4E98-9A32-7EA446FBA462}"
EndProject
Project("{FAE04EC0-301F-11D3-BF4B-00C04F79EFBC}") = "Task5", "Task5\Task5.csproj", "{4FC90116-A221-457A-B678-309281585A92}"
EndProject
Global
	GlobalSection(SolutionConfigurationPlatforms) = preSolution
		Debug|Any CPU = Debug|Any CPU
		Release|Any CPU = Release|Any CPU
	EndGlobalSection
	GlobalSection(ProjectConfigurationPlatforms) = postSolution
		{D1578261-313E-4B2D-AB6D-9E617972C6BF}.Debug|Any CPU.ActiveCfg = Debug|Any CPU
		{D1578261-313E-4B2D-AB6D-9E617972C6BF}.Debug|Any CPU.Build.0 = Debug|Any CPU
		{D1578261-313E-4B2D-AB6D-9E617972C6BF}.Release|Any CPU.ActiveCfg = Release|Any CPU
		{D1578261-313E-4B2D-AB6D-9E617972C6BF}.Release|Any CPU.Build.0 = Release|Any CPU
		{4D825184-2B11-4BD9-AB81-A074CB2CFCEC}.Debug|Any CPU.ActiveCfg = Debug|Any CPU
		{4D825184-2B11-4BD9-AB81-A074CB2CFCEC}.Debug|Any CPU.Build.0 = Debug|Any CPU
		{4D825184-2B11-4BD9-AB81-A074CB2CFCEC}.Release|Any CPU.ActiveCfg = Release|Any CPU
		{4D825184-2B11-4BD9-AB81-A074CB2CFCEC}.Release|Any CPU.Build.0 = Release|Any CPU
		{71E7F075-5F1E-4796-A08B-636225ADB00E}.Debug|Any CPU.ActiveCfg = Debug|Any CPU
		{71E7F075-5F1E-4796-A08B-636225ADB00E}.Debug|Any CPU.Build.0 = Debug|Any CPU
		{71E7F075-5F1E-4796-A08B-636225ADB00E}.Release|Any CPU.ActiveCfg = Release|Any CPU
		{71E7F075-5F1E-4796-A08B-636225ADB00E}.Release|Any CPU.Build.0 = Release|Any CPU
		{2C4A7919-73E3-4E98-9A32-7EA446FBA462}.Debug|Any CPU.ActiveCfg = Debug|Any CPU
		{2C4A7919-73E3-4E98-9A32-7EA446FBA462}.Debug|Any CPU.Build.0 = Debug|Any CPU
		{2C4A7919-73E3-4E98-9A32-7EA446FBA462}.Release|Any CPU.ActiveCfg = Release|Any CPU
		{2C4A7919-73E3-4E98-9A32-7EA446FBA462}.Release|Any CPU.Build.0 = Release|Any CPU
		{4FC90116-A221-457A-B678-309281585A92}.Debug|Any CPU.ActiveCfg = Debug|Any CPU
		{4FC90116-A221-457A-B678-309281585A92}.Debug|Any CPU.Build.0 = Debug|Any CPU
		{4FC90116-A221-457A-B678-309281585A92}.Release|Any CPU.ActiveCfg = Release|Any CPU
		{4FC90116-A221-457A-B678-309281585A92}.Release|Any CPU.Build.0 = Release|Any CPU
	EndGlobalSection
	GlobalSection(SolutionProperties) = preSolution
		HideSolutionNode = FALSE
	EndGlobalSection
	GlobalSection(ExtensibilityGlobals) = postSolution
		SolutionGuid = {3B7A6FFF-1101-44E4-9EDF-2D656D4870B4}
	EndGlobalSection
EndGlobal
