
Microsoft Visual Studio Solution File, Format Version 12.00
# Visual Studio Version 17
VisualStudioVersion = 17.9.34728.123
MinimumVisualStudioVersion = 10.0.40219.1
Project("{FAE04EC0-301F-11D3-BF4B-00C04F79EFBC}") = "Task1", "Task1\Task1.csproj", "{D4F2A302-AC46-4381-82D3-1EC1554404D5}"
EndProject
Project("{FAE04EC0-301F-11D3-BF4B-00C04F79EFBC}") = "Task2", "Task2\Task2.csproj", "{0412A7E4-1A49-4118-B4F7-79D325D22901}"
EndProject
Project("{FAE04EC0-301F-11D3-BF4B-00C04F79EFBC}") = "Task3", "Task3\Task3.csproj", "{BADA786B-9C17-4802-AC60-89FDC28D62D2}"
EndProject
Project("{FAE04EC0-301F-11D3-BF4B-00C04F79EFBC}") = "Task4", "Task4\Task4.csproj", "{3C87D073-39E2-49D2-A663-D697EBB944A8}"
EndProject
Project("{FAE04EC0-301F-11D3-BF4B-00C04F79EFBC}") = "Task5", "Task5\Task5.csproj", "{65C345F5-3D24-4398-8619-ABEAABE386CE}"
EndProject
Project("{FAE04EC0-301F-11D3-BF4B-00C04F79EFBC}") = "Task6", "Task6\Task6.csproj", "{3BBEA9CF-B070-45A9-9960-ECB5BA2D61CA}"
EndProject
Project("{FAE04EC0-301F-11D3-BF4B-00C04F79EFBC}") = "Task7", "Task7\Task7.csproj", "{4FC43B4D-9CDA-4A51-952E-89382CA89F95}"
EndProject
Project("{FAE04EC0-301F-11D3-BF4B-00C04F79EFBC}") = "Task8", "Task8\Task8.csproj", "{7CF5A3F7-F72A-4942-AC21-43AB51F0710D}"
EndProject
Project("{FAE04EC0-301F-11D3-BF4B-00C04F79EFBC}") = "Task9", "Task9\Task9.csproj", "{1DE8A6A9-4EA7-4123-9184-686284B389BF}"
EndProject
Project("{FAE04EC0-301F-11D3-BF4B-00C04F79EFBC}") = "Task10", "Task10\Task10.csproj", "{0F8B2F2F-2F76-4ECF-A42D-B09CAC232909}"
EndProject
Project("{FAE04EC0-301F-11D3-BF4B-00C04F79EFBC}") = "Task11", "Task11\Task11.csproj", "{65FB1398-F6BC-4D22-B370-4389C1E5A5EF}"
EndProject
Project("{FAE04EC0-301F-11D3-BF4B-00C04F79EFBC}") = "Task12", "Task12\Task12.csproj", "{C804A08A-6417-4B08-B589-D466EA92432C}"
EndProject
Project("{FAE04EC0-301F-11D3-BF4B-00C04F79EFBC}") = "Task13", "Task13\Task13.csproj", "{4669101C-91BD-4626-B9F6-9FC423E3ADBF}"
EndProject
Project("{FAE04EC0-301F-11D3-BF4B-00C04F79EFBC}") = "Task14", "Task14\Task14.csproj", "{E2DB704B-DB12-486F-8FFC-098C76B410AF}"
EndProject
Project("{FAE04EC0-301F-11D3-BF4B-00C04F79EFBC}") = "Task15", "Task15\Task15.csproj", "{B013AABC-77E9-4AA9-8A06-82CD9AF59882}"
EndProject
Project("{FAE04EC0-301F-11D3-BF4B-00C04F79EFBC}") = "Task16", "Task16\Task16.csproj", "{3B0F10BE-6AA3-4484-8359-237C5789484C}"
EndProject
Global
	GlobalSection(SolutionConfigurationPlatforms) = preSolution
		Debug|Any CPU = Debug|Any CPU
		Release|Any CPU = Release|Any CPU
	EndGlobalSection
	GlobalSection(ProjectConfigurationPlatforms) = postSolution
		{D4F2A302-AC46-4381-82D3-1EC1554404D5}.Debug|Any CPU.ActiveCfg = Debug|Any CPU
		{D4F2A302-AC46-4381-82D3-1EC1554404D5}.Debug|Any CPU.Build.0 = Debug|Any CPU
		{D4F2A302-AC46-4381-82D3-1EC1554404D5}.Release|Any CPU.ActiveCfg = Release|Any CPU
		{D4F2A302-AC46-4381-82D3-1EC1554404D5}.Release|Any CPU.Build.0 = Release|Any CPU
		{0412A7E4-1A49-4118-B4F7-79D325D22901}.Debug|Any CPU.ActiveCfg = Debug|Any CPU
		{0412A7E4-1A49-4118-B4F7-79D325D22901}.Debug|Any CPU.Build.0 = Debug|Any CPU
		{0412A7E4-1A49-4118-B4F7-79D325D22901}.Release|Any CPU.ActiveCfg = Release|Any CPU
		{0412A7E4-1A49-4118-B4F7-79D325D22901}.Release|Any CPU.Build.0 = Release|Any CPU
		{BADA786B-9C17-4802-AC60-89FDC28D62D2}.Debug|Any CPU.ActiveCfg = Debug|Any CPU
		{BADA786B-9C17-4802-AC60-89FDC28D62D2}.Debug|Any CPU.Build.0 = Debug|Any CPU
		{BADA786B-9C17-4802-AC60-89FDC28D62D2}.Release|Any CPU.ActiveCfg = Release|Any CPU
		{BADA786B-9C17-4802-AC60-89FDC28D62D2}.Release|Any CPU.Build.0 = Release|Any CPU
		{3C87D073-39E2-49D2-A663-D697EBB944A8}.Debug|Any CPU.ActiveCfg = Debug|Any CPU
		{3C87D073-39E2-49D2-A663-D697EBB944A8}.Debug|Any CPU.Build.0 = Debug|Any CPU
		{3C87D073-39E2-49D2-A663-D697EBB944A8}.Release|Any CPU.ActiveCfg = Release|Any CPU
		{3C87D073-39E2-49D2-A663-D697EBB944A8}.Release|Any CPU.Build.0 = Release|Any CPU
		{65C345F5-3D24-4398-8619-ABEAABE386CE}.Debug|Any CPU.ActiveCfg = Debug|Any CPU
		{65C345F5-3D24-4398-8619-ABEAABE386CE}.Debug|Any CPU.Build.0 = Debug|Any CPU
		{65C345F5-3D24-4398-8619-ABEAABE386CE}.Release|Any CPU.ActiveCfg = Release|Any CPU
		{65C345F5-3D24-4398-8619-ABEAABE386CE}.Release|Any CPU.Build.0 = Release|Any CPU
		{3BBEA9CF-B070-45A9-9960-ECB5BA2D61CA}.Debug|Any CPU.ActiveCfg = Debug|Any CPU
		{3BBEA9CF-B070-45A9-9960-ECB5BA2D61CA}.Debug|Any CPU.Build.0 = Debug|Any CPU
		{3BBEA9CF-B070-45A9-9960-ECB5BA2D61CA}.Release|Any CPU.ActiveCfg = Release|Any CPU
		{3BBEA9CF-B070-45A9-9960-ECB5BA2D61CA}.Release|Any CPU.Build.0 = Release|Any CPU
		{4FC43B4D-9CDA-4A51-952E-89382CA89F95}.Debug|Any CPU.ActiveCfg = Debug|Any CPU
		{4FC43B4D-9CDA-4A51-952E-89382CA89F95}.Debug|Any CPU.Build.0 = Debug|Any CPU
		{4FC43B4D-9CDA-4A51-952E-89382CA89F95}.Release|Any CPU.ActiveCfg = Release|Any CPU
		{4FC43B4D-9CDA-4A51-952E-89382CA89F95}.Release|Any CPU.Build.0 = Release|Any CPU
		{7CF5A3F7-F72A-4942-AC21-43AB51F0710D}.Debug|Any CPU.ActiveCfg = Debug|Any CPU
		{7CF5A3F7-F72A-4942-AC21-43AB51F0710D}.Debug|Any CPU.Build.0 = Debug|Any CPU
		{7CF5A3F7-F72A-4942-AC21-43AB51F0710D}.Release|Any CPU.ActiveCfg = Release|Any CPU
		{7CF5A3F7-F72A-4942-AC21-43AB51F0710D}.Release|Any CPU.Build.0 = Release|Any CPU
		{1DE8A6A9-4EA7-4123-9184-686284B389BF}.Debug|Any CPU.ActiveCfg = Debug|Any CPU
		{1DE8A6A9-4EA7-4123-9184-686284B389BF}.Debug|Any CPU.Build.0 = Debug|Any CPU
		{1DE8A6A9-4EA7-4123-9184-686284B389BF}.Release|Any CPU.ActiveCfg = Release|Any CPU
		{1DE8A6A9-4EA7-4123-9184-686284B389BF}.Release|Any CPU.Build.0 = Release|Any CPU
		{0F8B2F2F-2F76-4ECF-A42D-B09CAC232909}.Debug|Any CPU.ActiveCfg = Debug|Any CPU
		{0F8B2F2F-2F76-4ECF-A42D-B09CAC232909}.Debug|Any CPU.Build.0 = Debug|Any CPU
		{0F8B2F2F-2F76-4ECF-A42D-B09CAC232909}.Release|Any CPU.ActiveCfg = Release|Any CPU
		{0F8B2F2F-2F76-4ECF-A42D-B09CAC232909}.Release|Any CPU.Build.0 = Release|Any CPU
		{65FB1398-F6BC-4D22-B370-4389C1E5A5EF}.Debug|Any CPU.ActiveCfg = Debug|Any CPU
		{65FB1398-F6BC-4D22-B370-4389C1E5A5EF}.Debug|Any CPU.Build.0 = Debug|Any CPU
		{65FB1398-F6BC-4D22-B370-4389C1E5A5EF}.Release|Any CPU.ActiveCfg = Release|Any CPU
		{65FB1398-F6BC-4D22-B370-4389C1E5A5EF}.Release|Any CPU.Build.0 = Release|Any CPU
		{C804A08A-6417-4B08-B589-D466EA92432C}.Debug|Any CPU.ActiveCfg = Debug|Any CPU
		{C804A08A-6417-4B08-B589-D466EA92432C}.Debug|Any CPU.Build.0 = Debug|Any CPU
		{C804A08A-6417-4B08-B589-D466EA92432C}.Release|Any CPU.ActiveCfg = Release|Any CPU
		{C804A08A-6417-4B08-B589-D466EA92432C}.Release|Any CPU.Build.0 = Release|Any CPU
		{4669101C-91BD-4626-B9F6-9FC423E3ADBF}.Debug|Any CPU.ActiveCfg = Debug|Any CPU
		{4669101C-91BD-4626-B9F6-9FC423E3ADBF}.Debug|Any CPU.Build.0 = Debug|Any CPU
		{4669101C-91BD-4626-B9F6-9FC423E3ADBF}.Release|Any CPU.ActiveCfg = Release|Any CPU
		{4669101C-91BD-4626-B9F6-9FC423E3ADBF}.Release|Any CPU.Build.0 = Release|Any CPU
		{E2DB704B-DB12-486F-8FFC-098C76B410AF}.Debug|Any CPU.ActiveCfg = Debug|Any CPU
		{E2DB704B-DB12-486F-8FFC-098C76B410AF}.Debug|Any CPU.Build.0 = Debug|Any CPU
		{E2DB704B-DB12-486F-8FFC-098C76B410AF}.Release|Any CPU.ActiveCfg = Release|Any CPU
		{E2DB704B-DB12-486F-8FFC-098C76B410AF}.Release|Any CPU.Build.0 = Release|Any CPU
		{B013AABC-77E9-4AA9-8A06-82CD9AF59882}.Debug|Any CPU.ActiveCfg = Debug|Any CPU
		{B013AABC-77E9-4AA9-8A06-82CD9AF59882}.Debug|Any CPU.Build.0 = Debug|Any CPU
		{B013AABC-77E9-4AA9-8A06-82CD9AF59882}.Release|Any CPU.ActiveCfg = Release|Any CPU
		{B013AABC-77E9-4AA9-8A06-82CD9AF59882}.Release|Any CPU.Build.0 = Release|Any CPU
		{3B0F10BE-6AA3-4484-8359-237C5789484C}.Debug|Any CPU.ActiveCfg = Debug|Any CPU
		{3B0F10BE-6AA3-4484-8359-237C5789484C}.Debug|Any CPU.Build.0 = Debug|Any CPU
		{3B0F10BE-6AA3-4484-8359-237C5789484C}.Release|Any CPU.ActiveCfg = Release|Any CPU
		{3B0F10BE-6AA3-4484-8359-237C5789484C}.Release|Any CPU.Build.0 = Release|Any CPU
	EndGlobalSection
	GlobalSection(SolutionProperties) = preSolution
		HideSolutionNode = FALSE
	EndGlobalSection
	GlobalSection(ExtensibilityGlobals) = postSolution
		SolutionGuid = {BCD85F24-4D89-4AAB-8B26-5B377E7F9363}
	EndGlobalSection
EndGlobal
