
Microsoft Visual Studio Solution File, Format Version 12.00
# Visual Studio Version 17
VisualStudioVersion = 17.9.34728.123
MinimumVisualStudioVersion = 10.0.40219.1
Project("{9A19103F-16F7-4668-BE54-9A1E7A4F7556}") = "Task1", "Task1\Task1.csproj", "{09A84129-1696-402D-B938-050AE94DA024}"
EndProject
Project("{FAE04EC0-301F-11D3-BF4B-00C04F79EFBC}") = "Task2", "Task2\Task2.csproj", "{54502913-6E60-4BB1-99DC-988C89D94C1D}"
EndProject
Global
	GlobalSection(SolutionConfigurationPlatforms) = preSolution
		Debug|Any CPU = Debug|Any CPU
		Release|Any CPU = Release|Any CPU
	EndGlobalSection
	GlobalSection(ProjectConfigurationPlatforms) = postSolution
		{09A84129-1696-402D-B938-050AE94DA024}.Debug|Any CPU.ActiveCfg = Debug|Any CPU
		{09A84129-1696-402D-B938-050AE94DA024}.Debug|Any CPU.Build.0 = Debug|Any CPU
		{09A84129-1696-402D-B938-050AE94DA024}.Release|Any CPU.ActiveCfg = Release|Any CPU
		{09A84129-1696-402D-B938-050AE94DA024}.Release|Any CPU.Build.0 = Release|Any CPU
		{54502913-6E60-4BB1-99DC-988C89D94C1D}.Debug|Any CPU.ActiveCfg = Debug|Any CPU
		{54502913-6E60-4BB1-99DC-988C89D94C1D}.Debug|Any CPU.Build.0 = Debug|Any CPU
		{54502913-6E60-4BB1-99DC-988C89D94C1D}.Release|Any CPU.ActiveCfg = Release|Any CPU
		{54502913-6E60-4BB1-99DC-988C89D94C1D}.Release|Any CPU.Build.0 = Release|Any CPU
	EndGlobalSection
	GlobalSection(SolutionProperties) = preSolution
		HideSolutionNode = FALSE
	EndGlobalSection
	GlobalSection(ExtensibilityGlobals) = postSolution
		SolutionGuid = {19A06353-67EE-47CB-AD1A-77B363B0D710}
	EndGlobalSection
EndGlobal
