
Microsoft Visual Studio Solution File, Format Version 12.00
# Visual Studio Version 17
VisualStudioVersion = 17.9.34728.123
MinimumVisualStudioVersion = 10.0.40219.1
Project("{9A19103F-16F7-4668-BE54-9A1E7A4F7556}") = "Task1", "Task1\Task1.csproj", "{09A84129-1696-402D-B938-050AE94DA024}"
EndProject
Project("{9A19103F-16F7-4668-BE54-9A1E7A4F7556}") = "Task2", "Task2\Task2.csproj", "{54502913-6E60-4BB1-99DC-988C89D94C1D}"
EndProject
Project("{FAE04EC0-301F-11D3-BF4B-00C04F79EFBC}") = "Task3", "Task3\Task3.csproj", "{A7FFA8CE-45D0-4129-9327-E7A6EB4B9DDF}"
EndProject
Project("{FAE04EC0-301F-11D3-BF4B-00C04F79EFBC}") = "Task4", "Task4\Task4.csproj", "{3BB2F3A8-4107-4516-8768-9030CE287140}"
EndProject
Project("{FAE04EC0-301F-11D3-BF4B-00C04F79EFBC}") = "Task5", "Task5\Task5.csproj", "{8A877AF8-11C7-44B0-940E-192B4E341862}"
EndProject
Project("{FAE04EC0-301F-11D3-BF4B-00C04F79EFBC}") = "Task6", "Task6\Task6.csproj", "{CC27C19C-FCFF-4B5B-80FD-02F7C769D87A}"
EndProject
Project("{FAE04EC0-301F-11D3-BF4B-00C04F79EFBC}") = "Task7", "Task7\Task7.csproj", "{E94D87E0-8E3E-4B90-887A-D93908593031}"
EndProject
Global
	GlobalSection(SolutionConfigurationPlatforms) = preSolution
		Debug|Any CPU = Debug|Any CPU
		Release|Any CPU = Release|Any CPU
	EndGlobalSection
	GlobalSection(ProjectConfigurationPlatforms) = postSolution
		{09A84129-1696-402D-B938-050AE94DA024}.Debug|Any CPU.ActiveCfg = Debug|Any CPU
		{09A84129-1696-402D-B938-050AE94DA024}.Debug|Any CPU.Build.0 = Debug|Any CPU
		{09A84129-1696-402D-B938-050AE94DA024}.Release|Any CPU.ActiveCfg = Release|Any CPU
		{09A84129-1696-402D-B938-050AE94DA024}.Release|Any CPU.Build.0 = Release|Any CPU
		{54502913-6E60-4BB1-99DC-988C89D94C1D}.Debug|Any CPU.ActiveCfg = Debug|Any CPU
		{54502913-6E60-4BB1-99DC-988C89D94C1D}.Debug|Any CPU.Build.0 = Debug|Any CPU
		{54502913-6E60-4BB1-99DC-988C89D94C1D}.Release|Any CPU.ActiveCfg = Release|Any CPU
		{54502913-6E60-4BB1-99DC-988C89D94C1D}.Release|Any CPU.Build.0 = Release|Any CPU
		{A7FFA8CE-45D0-4129-9327-E7A6EB4B9DDF}.Debug|Any CPU.ActiveCfg = Debug|Any CPU
		{A7FFA8CE-45D0-4129-9327-E7A6EB4B9DDF}.Debug|Any CPU.Build.0 = Debug|Any CPU
		{A7FFA8CE-45D0-4129-9327-E7A6EB4B9DDF}.Release|Any CPU.ActiveCfg = Release|Any CPU
		{A7FFA8CE-45D0-4129-9327-E7A6EB4B9DDF}.Release|Any CPU.Build.0 = Release|Any CPU
		{3BB2F3A8-4107-4516-8768-9030CE287140}.Debug|Any CPU.ActiveCfg = Debug|Any CPU
		{3BB2F3A8-4107-4516-8768-9030CE287140}.Debug|Any CPU.Build.0 = Debug|Any CPU
		{3BB2F3A8-4107-4516-8768-9030CE287140}.Release|Any CPU.ActiveCfg = Release|Any CPU
		{3BB2F3A8-4107-4516-8768-9030CE287140}.Release|Any CPU.Build.0 = Release|Any CPU
		{8A877AF8-11C7-44B0-940E-192B4E341862}.Debug|Any CPU.ActiveCfg = Debug|Any CPU
		{8A877AF8-11C7-44B0-940E-192B4E341862}.Debug|Any CPU.Build.0 = Debug|Any CPU
		{8A877AF8-11C7-44B0-940E-192B4E341862}.Release|Any CPU.ActiveCfg = Release|Any CPU
		{8A877AF8-11C7-44B0-940E-192B4E341862}.Release|Any CPU.Build.0 = Release|Any CPU
		{CC27C19C-FCFF-4B5B-80FD-02F7C769D87A}.Debug|Any CPU.ActiveCfg = Debug|Any CPU
		{CC27C19C-FCFF-4B5B-80FD-02F7C769D87A}.Debug|Any CPU.Build.0 = Debug|Any CPU
		{CC27C19C-FCFF-4B5B-80FD-02F7C769D87A}.Release|Any CPU.ActiveCfg = Release|Any CPU
		{CC27C19C-FCFF-4B5B-80FD-02F7C769D87A}.Release|Any CPU.Build.0 = Release|Any CPU
		{E94D87E0-8E3E-4B90-887A-D93908593031}.Debug|Any CPU.ActiveCfg = Debug|Any CPU
		{E94D87E0-8E3E-4B90-887A-D93908593031}.Debug|Any CPU.Build.0 = Debug|Any CPU
		{E94D87E0-8E3E-4B90-887A-D93908593031}.Release|Any CPU.ActiveCfg = Release|Any CPU
		{E94D87E0-8E3E-4B90-887A-D93908593031}.Release|Any CPU.Build.0 = Release|Any CPU
	EndGlobalSection
	GlobalSection(SolutionProperties) = preSolution
		HideSolutionNode = FALSE
	EndGlobalSection
	GlobalSection(ExtensibilityGlobals) = postSolution
		SolutionGuid = {19A06353-67EE-47CB-AD1A-77B363B0D710}
	EndGlobalSection
EndGlobal
