
Microsoft Visual Studio Solution File, Format Version 12.00
# Visual Studio Version 17
VisualStudioVersion = 17.9.34728.123
MinimumVisualStudioVersion = 10.0.40219.1
Project("{FAE04EC0-301F-11D3-BF4B-00C04F79EFBC}") = "Task1", "Task1\Task1.csproj", "{4AD7F6AF-39B0-48CD-B4E1-5F95089E141A}"
EndProject
Project("{FAE04EC0-301F-11D3-BF4B-00C04F79EFBC}") = "Task2", "Task2\Task2.csproj", "{B6BB71A0-5173-4F58-ACB2-7D238A1046BA}"
EndProject
Global
	GlobalSection(SolutionConfigurationPlatforms) = preSolution
		Debug|Any CPU = Debug|Any CPU
		Release|Any CPU = Release|Any CPU
	EndGlobalSection
	GlobalSection(ProjectConfigurationPlatforms) = postSolution
		{4AD7F6AF-39B0-48CD-B4E1-5F95089E141A}.Debug|Any CPU.ActiveCfg = Debug|Any CPU
		{4AD7F6AF-39B0-48CD-B4E1-5F95089E141A}.Debug|Any CPU.Build.0 = Debug|Any CPU
		{4AD7F6AF-39B0-48CD-B4E1-5F95089E141A}.Release|Any CPU.ActiveCfg = Release|Any CPU
		{4AD7F6AF-39B0-48CD-B4E1-5F95089E141A}.Release|Any CPU.Build.0 = Release|Any CPU
		{B6BB71A0-5173-4F58-ACB2-7D238A1046BA}.Debug|Any CPU.ActiveCfg = Debug|Any CPU
		{B6BB71A0-5173-4F58-ACB2-7D238A1046BA}.Debug|Any CPU.Build.0 = Debug|Any CPU
		{B6BB71A0-5173-4F58-ACB2-7D238A1046BA}.Release|Any CPU.ActiveCfg = Release|Any CPU
		{B6BB71A0-5173-4F58-ACB2-7D238A1046BA}.Release|Any CPU.Build.0 = Release|Any CPU
	EndGlobalSection
	GlobalSection(SolutionProperties) = preSolution
		HideSolutionNode = FALSE
	EndGlobalSection
	GlobalSection(ExtensibilityGlobals) = postSolution
		SolutionGuid = {020E04A5-868E-484A-843F-E415C185515A}
	EndGlobalSection
EndGlobal
